# THIS IS AN AUTOGENERATED FILE. DO NOT EDIT THIS FILE DIRECTLY.
# yarn lockfile v1


"@types/node@*":
  version "14.14.6"
  resolved "https://registry.npm.taobao.org/@types/node/download/@types/node-14.14.6.tgz?cache=0&sync_timestamp=1603911075420&other_urls=https%3A%2F%2Fregistry.npm.taobao.org%2F%40types%2Fnode%2Fdownload%2F%40types%2Fnode-14.14.6.tgz#146d3da57b3c636cc0d1769396ce1cfa8991147f"
  integrity sha1-FG09pXs8Y2zA0XaTls4c+omRFH8=

"@types/qrcode@^1.3.5":
  version "1.3.5"
  resolved "https://registry.npm.taobao.org/@types/qrcode/download/@types/qrcode-1.3.5.tgz?cache=0&sync_timestamp=1596841512862&other_urls=https%3A%2F%2Fregistry.npm.taobao.org%2F%40types%2Fqrcode%2Fdownload%2F%40types%2Fqrcode-1.3.5.tgz#9c97cc2875f03e2b16a0d89856fc48414e380c38"
  integrity sha1-nJfMKHXwPisWoNiYVvxIQU44DDg=
  dependencies:
    "@types/node" "*"

"@vercel/node@^1.8.4":
  version "1.8.4"
  resolved "https://registry.npm.taobao.org/@vercel/node/download/@vercel/node-1.8.4.tgz#43bbc2e39f97979390e0f968952bba4ebfdcb22e"
  integrity sha1-Q7vC45+Xl5OQ4PlolSu6Tr/csi4=
  dependencies:
    "@types/node" "*"
    ts-node "8.9.1"
    typescript "3.9.3"

ansi-regex@^4.1.0:
  version "4.1.0"
  resolved "https://registry.npm.taobao.org/ansi-regex/download/ansi-regex-4.1.0.tgz#8b9f8f08cf1acb843756a839ca8c7e3168c51997"
  integrity sha1-i5+PCM8ay4Q3Vqg5yox+MWjFGZc=

ansi-styles@^3.2.0:
  version "3.2.1"
  resolved "https://registry.npm.taobao.org/ansi-styles/download/ansi-styles-3.2.1.tgz?cache=0&sync_timestamp=1601839226460&other_urls=https%3A%2F%2Fregistry.npm.taobao.org%2Fansi-styles%2Fdownload%2Fansi-styles-3.2.1.tgz#41fbb20243e50b12be0f04b8dedbf07520ce841d"
  integrity sha1-QfuyAkPlCxK+DwS43tvwdSDOhB0=
  dependencies:
    color-convert "^1.9.0"

arg@^4.1.0:
  version "4.1.3"
  resolved "https://registry.npm.taobao.org/arg/download/arg-4.1.3.tgz#269fc7ad5b8e42cb63c896d5666017261c144089"
  integrity sha1-Jp/HrVuOQstjyJbVZmAXJhwUQIk=

base64-js@^1.3.1:
  version "1.3.1"
  resolved "https://registry.npm.taobao.org/base64-js/download/base64-js-1.3.1.tgz#58ece8cb75dd07e71ed08c736abc5fac4dbf8df1"
  integrity sha1-WOzoy3XdB+ce0IxzarxfrE2/jfE=

buffer-alloc-unsafe@^1.1.0:
  version "1.1.0"
  resolved "https://registry.npm.taobao.org/buffer-alloc-unsafe/download/buffer-alloc-unsafe-1.1.0.tgz#bd7dc26ae2972d0eda253be061dba992349c19f0"
  integrity sha1-vX3CauKXLQ7aJTvgYdupkjScGfA=

buffer-alloc@^1.2.0:
  version "1.2.0"
  resolved "https://registry.npm.taobao.org/buffer-alloc/download/buffer-alloc-1.2.0.tgz#890dd90d923a873e08e10e5fd51a57e5b7cce0ec"
  integrity sha1-iQ3ZDZI6hz4I4Q5f1RpX5bfM4Ow=
  dependencies:
    buffer-alloc-unsafe "^1.1.0"
    buffer-fill "^1.0.0"

buffer-fill@^1.0.0:
  version "1.0.0"
  resolved "https://registry.npm.taobao.org/buffer-fill/download/buffer-fill-1.0.0.tgz#f8f78b76789888ef39f205cd637f68e702122b2c"
  integrity sha1-+PeLdniYiO858gXNY39o5wISKyw=

buffer-from@^1.0.0, buffer-from@^1.1.1:
  version "1.1.1"
  resolved "https://registry.npm.taobao.org/buffer-from/download/buffer-from-1.1.1.tgz#32713bc028f75c02fdb710d7c7bcec1f2c6070ef"
  integrity sha1-MnE7wCj3XAL9txDXx7zsHyxgcO8=

buffer@^5.4.3:
  version "5.7.1"
  resolved "https://registry.npm.taobao.org/buffer/download/buffer-5.7.1.tgz?cache=0&sync_timestamp=1604525376831&other_urls=https%3A%2F%2Fregistry.npm.taobao.org%2Fbuffer%2Fdownload%2Fbuffer-5.7.1.tgz#ba62e7c13133053582197160851a8f648e99eed0"
  integrity sha1-umLnwTEzBTWCGXFghRqPZI6Z7tA=
  dependencies:
    base64-js "^1.3.1"
    ieee754 "^1.1.13"

camelcase@^5.0.0:
  version "5.3.1"
  resolved "https://registry.npm.taobao.org/camelcase/download/camelcase-5.3.1.tgz#e3c9b31569e106811df242f715725a1f4c494320"
  integrity sha1-48mzFWnhBoEd8kL3FXJaH0xJQyA=

cliui@^5.0.0:
  version "5.0.0"
  resolved "https://registry.npm.taobao.org/cliui/download/cliui-5.0.0.tgz?cache=0&sync_timestamp=1602861367442&other_urls=https%3A%2F%2Fregistry.npm.taobao.org%2Fcliui%2Fdownload%2Fcliui-5.0.0.tgz#deefcfdb2e800784aa34f46fa08e06851c7bbbc5"
  integrity sha1-3u/P2y6AB4SqNPRvoI4GhRx7u8U=
  dependencies:
    string-width "^3.1.0"
    strip-ansi "^5.2.0"
    wrap-ansi "^5.1.0"

color-convert@^1.9.0:
  version "1.9.3"
  resolved "https://registry.npm.taobao.org/color-convert/download/color-convert-1.9.3.tgz#bb71850690e1f136567de629d2d5471deda4c1e8"
  integrity sha1-u3GFBpDh8TZWfeYp0tVHHe2kweg=
  dependencies:
    color-name "1.1.3"

color-name@1.1.3:
  version "1.1.3"
  resolved "https://registry.npm.taobao.org/color-name/download/color-name-1.1.3.tgz#a7d0558bd89c42f795dd42328f740831ca53bc25"
  integrity sha1-p9BVi9icQveV3UIyj3QIMcpTvCU=

decamelize@^1.2.0:
  version "1.2.0"
  resolved "https://registry.npm.taobao.org/decamelize/download/decamelize-1.2.0.tgz#f6534d15148269b20352e7bee26f501f9a191290"
  integrity sha1-9lNNFRSCabIDUue+4m9QH5oZEpA=

diff@^4.0.1:
  version "4.0.2"
  resolved "https://registry.npm.taobao.org/diff/download/diff-4.0.2.tgz#60f3aecb89d5fae520c11aa19efc2bb982aade7d"
  integrity sha1-YPOuy4nV+uUgwRqhnvwruYKq3n0=

dijkstrajs@^1.0.1:
  version "1.0.1"
  resolved "https://registry.npm.taobao.org/dijkstrajs/download/dijkstrajs-1.0.1.tgz#d3cd81221e3ea40742cfcde556d4e99e98ddc71b"
  integrity sha1-082BIh4+pAdCz83lVtTpnpjdxxs=

emoji-regex@^7.0.1:
  version "7.0.3"
  resolved "https://registry.npm.taobao.org/emoji-regex/download/emoji-regex-7.0.3.tgz#933a04052860c85e83c122479c4748a8e4c72156"
  integrity sha1-kzoEBShgyF6DwSJHnEdIqOTHIVY=

find-up@^3.0.0:
  version "3.0.0"
  resolved "https://registry.npm.taobao.org/find-up/download/find-up-3.0.0.tgz?cache=0&sync_timestamp=1597169842138&other_urls=https%3A%2F%2Fregistry.npm.taobao.org%2Ffind-up%2Fdownload%2Ffind-up-3.0.0.tgz#49169f1d7993430646da61ecc5ae355c21c97b73"
  integrity sha1-SRafHXmTQwZG2mHsxa41XCHJe3M=
  dependencies:
    locate-path "^3.0.0"

get-caller-file@^2.0.1:
  version "2.0.5"
  resolved "https://registry.npm.taobao.org/get-caller-file/download/get-caller-file-2.0.5.tgz#4f94412a82db32f36e3b0b9741f8a97feb031f7e"
  integrity sha1-T5RBKoLbMvNuOwuXQfipf+sDH34=

ieee754@^1.1.13:
  version "1.2.1"
  resolved "https://registry.npm.taobao.org/ieee754/download/ieee754-1.2.1.tgz?cache=0&sync_timestamp=1603838208740&other_urls=https%3A%2F%2Fregistry.npm.taobao.org%2Fieee754%2Fdownload%2Fieee754-1.2.1.tgz#8eb7a10a63fff25d15a57b001586d177d1b0d352"
  integrity sha1-jrehCmP/8l0VpXsAFYbRd9Gw01I=

is-fullwidth-code-point@^2.0.0:
  version "2.0.0"
  resolved "https://registry.npm.taobao.org/is-fullwidth-code-point/download/is-fullwidth-code-point-2.0.0.tgz#a3b30a5c4f199183167aaab93beefae3ddfb654f"
  integrity sha1-o7MKXE8ZkYMWeqq5O+764937ZU8=

isarray@^2.0.1:
  version "2.0.5"
  resolved "https://registry.npm.taobao.org/isarray/download/isarray-2.0.5.tgz#8af1e4c1221244cc62459faf38940d4e644a5723"
  integrity sha1-ivHkwSISRMxiRZ+vOJQNTmRKVyM=

locate-path@^3.0.0:
  version "3.0.0"
  resolved "https://registry.npm.taobao.org/locate-path/download/locate-path-3.0.0.tgz#dbec3b3ab759758071b58fe59fc41871af21400e"
  integrity sha1-2+w7OrdZdYBxtY/ln8QYca8hQA4=
  dependencies:
    p-locate "^3.0.0"
    path-exists "^3.0.0"

make-error@^1.1.1:
  version "1.3.6"
  resolved "https://registry.npm.taobao.org/make-error/download/make-error-1.3.6.tgz#2eb2e37ea9b67c4891f684a1394799af484cf7a2"
  integrity sha1-LrLjfqm2fEiR9oShOUeZr0hM96I=

p-limit@^2.0.0:
  version "2.3.0"
  resolved "https://registry.npm.taobao.org/p-limit/download/p-limit-2.3.0.tgz?cache=0&sync_timestamp=1594559734248&other_urls=https%3A%2F%2Fregistry.npm.taobao.org%2Fp-limit%2Fdownload%2Fp-limit-2.3.0.tgz#3dd33c647a214fdfffd835933eb086da0dc21db1"
  integrity sha1-PdM8ZHohT9//2DWTPrCG2g3CHbE=
  dependencies:
    p-try "^2.0.0"

p-locate@^3.0.0:
  version "3.0.0"
  resolved "https://registry.npm.taobao.org/p-locate/download/p-locate-3.0.0.tgz#322d69a05c0264b25997d9f40cd8a891ab0064a4"
  integrity sha1-Mi1poFwCZLJZl9n0DNiokasAZKQ=
  dependencies:
    p-limit "^2.0.0"

p-try@^2.0.0:
  version "2.2.0"
  resolved "https://registry.npm.taobao.org/p-try/download/p-try-2.2.0.tgz#cb2868540e313d61de58fafbe35ce9004d5540e6"
  integrity sha1-yyhoVA4xPWHeWPr741zpAE1VQOY=

path-exists@^3.0.0:
  version "3.0.0"
  resolved "https://registry.npm.taobao.org/path-exists/download/path-exists-3.0.0.tgz#ce0ebeaa5f78cb18925ea7d810d7b59b010fd515"
  integrity sha1-zg6+ql94yxiSXqfYENe1mwEP1RU=

pngjs@^3.3.0:
  version "3.4.0"
  resolved "https://registry.npm.taobao.org/pngjs/download/pngjs-3.4.0.tgz?cache=0&sync_timestamp=1603551107900&other_urls=https%3A%2F%2Fregistry.npm.taobao.org%2Fpngjs%2Fdownload%2Fpngjs-3.4.0.tgz#99ca7d725965fb655814eaf65f38f12bbdbf555f"
  integrity sha1-mcp9clll+2VYFOr2XzjxK72/VV8=

qrcode@^1.4.4:
  version "1.4.4"
  resolved "https://registry.npm.taobao.org/qrcode/download/qrcode-1.4.4.tgz#f0c43568a7e7510a55efc3b88d9602f71963ea83"
  integrity sha1-8MQ1aKfnUQpV78O4jZYC9xlj6oM=
  dependencies:
    buffer "^5.4.3"
    buffer-alloc "^1.2.0"
    buffer-from "^1.1.1"
    dijkstrajs "^1.0.1"
    isarray "^2.0.1"
    pngjs "^3.3.0"
    yargs "^13.2.4"

require-directory@^2.1.1:
  version "2.1.1"
  resolved "https://registry.npm.taobao.org/require-directory/download/require-directory-2.1.1.tgz#8c64ad5fd30dab1c976e2344ffe7f792a6a6df42"
  integrity sha1-jGStX9MNqxyXbiNE/+f3kqam30I=

require-main-filename@^2.0.0:
  version "2.0.0"
  resolved "https://registry.npm.taobao.org/require-main-filename/download/require-main-filename-2.0.0.tgz#d0b329ecc7cc0f61649f62215be69af54aa8989b"
  integrity sha1-0LMp7MfMD2Fkn2IhW+aa9UqomJs=

set-blocking@^2.0.0:
  version "2.0.0"
  resolved "https://registry.npm.taobao.org/set-blocking/download/set-blocking-2.0.0.tgz#045f9782d011ae9a6803ddd382b24392b3d890f7"
  integrity sha1-BF+XgtARrppoA93TgrJDkrPYkPc=

source-map-support@^0.5.17:
  version "0.5.19"
  resolved "https://registry.npm.taobao.org/source-map-support/download/source-map-support-0.5.19.tgz#a98b62f86dcaf4f67399648c085291ab9e8fed61"
  integrity sha1-qYti+G3K9PZzmWSMCFKRq56P7WE=
  dependencies:
    buffer-from "^1.0.0"
    source-map "^0.6.0"

source-map@^0.6.0:
  version "0.6.1"
  resolved "https://registry.npm.taobao.org/source-map/download/source-map-0.6.1.tgz#74722af32e9614e9c287a8d0bbde48b5e2f1a263"
  integrity sha1-dHIq8y6WFOnCh6jQu95IteLxomM=

string-width@^3.0.0, string-width@^3.1.0:
  version "3.1.0"
  resolved "https://registry.npm.taobao.org/string-width/download/string-width-3.1.0.tgz#22767be21b62af1081574306f69ac51b62203961"
  integrity sha1-InZ74htirxCBV0MG9prFG2IgOWE=
  dependencies:
    emoji-regex "^7.0.1"
    is-fullwidth-code-point "^2.0.0"
    strip-ansi "^5.1.0"

strip-ansi@^5.0.0, strip-ansi@^5.1.0, strip-ansi@^5.2.0:
  version "5.2.0"
  resolved "https://registry.npm.taobao.org/strip-ansi/download/strip-ansi-5.2.0.tgz#8c9a536feb6afc962bdfa5b104a5091c1ad9c0ae"
  integrity sha1-jJpTb+tq/JYr36WxBKUJHBrZwK4=
  dependencies:
    ansi-regex "^4.1.0"

ts-node@8.9.1:
  version "8.9.1"
  resolved "https://registry.npm.taobao.org/ts-node/download/ts-node-8.9.1.tgz#2f857f46c47e91dcd28a14e052482eb14cfd65a5"
  integrity sha1-L4V/RsR+kdzSihTgUkgusUz9ZaU=
  dependencies:
    arg "^4.1.0"
    diff "^4.0.1"
    make-error "^1.1.1"
    source-map-support "^0.5.17"
    yn "3.1.1"

typescript@3.9.3:
  version "3.9.3"
  resolved "https://registry.npm.taobao.org/typescript/download/typescript-3.9.3.tgz#d3ac8883a97c26139e42df5e93eeece33d610b8a"
  integrity sha1-06yIg6l8JhOeQt9ek+7s4z1hC4o=

which-module@^2.0.0:
  version "2.0.0"
  resolved "https://registry.npm.taobao.org/which-module/download/which-module-2.0.0.tgz#d9ef07dce77b9902b8a3a8fa4b31c3e3f7e6e87a"
  integrity sha1-2e8H3Od7mQK4o6j6SzHD4/fm6Ho=

wrap-ansi@^5.1.0:
  version "5.1.0"
  resolved "https://registry.npm.taobao.org/wrap-ansi/download/wrap-ansi-5.1.0.tgz#1fd1f67235d5b6d0fee781056001bfb694c03b09"
  integrity sha1-H9H2cjXVttD+54EFYAG/tpTAOwk=
  dependencies:
    ansi-styles "^3.2.0"
    string-width "^3.0.0"
    strip-ansi "^5.0.0"

y18n@^4.0.0:
  version "4.0.0"
  resolved "https://registry.npm.taobao.org/y18n/download/y18n-4.0.0.tgz?cache=0&sync_timestamp=1603637404399&other_urls=https%3A%2F%2Fregistry.npm.taobao.org%2Fy18n%2Fdownload%2Fy18n-4.0.0.tgz#95ef94f85ecc81d007c264e190a120f0a3c8566b"
  integrity sha1-le+U+F7MgdAHwmThkKEg8KPIVms=

yargs-parser@^13.1.2:
  version "13.1.2"
  resolved "https://registry.npm.taobao.org/yargs-parser/download/yargs-parser-13.1.2.tgz#130f09702ebaeef2650d54ce6e3e5706f7a4fb38"
  integrity sha1-Ew8JcC667vJlDVTObj5XBvek+zg=
  dependencies:
    camelcase "^5.0.0"
    decamelize "^1.2.0"

yargs@^13.2.4:
  version "13.3.2"
  resolved "https://registry.npm.taobao.org/yargs/download/yargs-13.3.2.tgz?cache=0&sync_timestamp=1602805561021&other_urls=https%3A%2F%2Fregistry.npm.taobao.org%2Fyargs%2Fdownload%2Fyargs-13.3.2.tgz#ad7ffefec1aa59565ac915f82dccb38a9c31a2dd"
  integrity sha1-rX/+/sGqWVZayRX4Lcyzipwxot0=
  dependencies:
    cliui "^5.0.0"
    find-up "^3.0.0"
    get-caller-file "^2.0.1"
    require-directory "^2.1.1"
    require-main-filename "^2.0.0"
    set-blocking "^2.0.0"
    string-width "^3.0.0"
    which-module "^2.0.0"
    y18n "^4.0.0"
    yargs-parser "^13.1.2"

yn@3.1.1:
  version "3.1.1"
  resolved "https://registry.npm.taobao.org/yn/download/yn-3.1.1.tgz#1e87401a09d767c1d5eab26a6e4c185182d2eb50"
  integrity sha1-HodAGgnXZ8HV6rJqbkwYUYLS61A=
